{
	"name": "@imooc-cli-dev-zhang/core",
	"version": "1.0.0",
	"lockfileVersion": 1,
	"requires": true,
	"dependencies": {
		"imooc-test-zhang": {
			"version": "1.0.1",
			"resolved": "https://registry.npmjs.org/imooc-test-zhang/-/imooc-test-zhang-1.0.1.tgz",
			"integrity": "sha512-f6hDhbHE75HwkqzeCVwpxNXi7higIPPnAJIkwX++rdKnVONVY5yANHgIiopQGjV80Em0H2uZSUg6qYG9YvTAxg=="
		}
	}
}
